
Microsoft Visual Studio Solution File, Format Version 11.00
# Visual Studio 2010
Project("{FAE04EC0-301F-11D3-BF4B-00C04F79EFBC}") = "ChineseZodiac", "ChineseZodiac\ChineseZodiac.csproj", "{FEE61D60-BDBD-4D15-90D3-CE70F63CAB30}"
EndProject
Global
	GlobalSection(SolutionConfigurationPlatforms) = preSolution
		Debug|Any CPU = Debug|Any CPU
		Release|Any CPU = Release|Any CPU
	EndGlobalSection
	GlobalSection(ProjectConfigurationPlatforms) = postSolution
		{FEE61D60-BDBD-4D15-90D3-CE70F63CAB30}.Debug|Any CPU.ActiveCfg = Debug|Any CPU
		{FEE61D60-BDBD-4D15-90D3-CE70F63CAB30}.Debug|Any CPU.Build.0 = Debug|Any CPU
		{FEE61D60-BDBD-4D15-90D3-CE70F63CAB30}.Release|Any CPU.ActiveCfg = Release|Any CPU
		{FEE61D60-BDBD-4D15-90D3-CE70F63CAB30}.Release|Any CPU.Build.0 = Release|Any CPU
	EndGlobalSection
	GlobalSection(MonoDevelopProperties) = preSolution
		StartupItem = ChineseZodiac\ChineseZodiac.csproj
	EndGlobalSection
EndGlobal
